// !$*UTF8*$!
{
	archiveVersion = 1;
	classes = {
	};
	objectVersion = 55;
	objects = {

/* Begin PBXBuildFile section */
		0618AE6728DEDF2F00B90A97 /* ProductDetailsViewController.swift in Sources */ = {isa = PBXBuildFile; fileRef = 0618AE6628DEDF2F00B90A97 /* ProductDetailsViewController.swift */; };
		0618AE7128DF8D0B00B90A97 /* CheckoutViewController.swift in Sources */ = {isa = PBXBuildFile; fileRef = 0618AE7028DF8D0B00B90A97 /* CheckoutViewController.swift */; };
		0636AE6328DCBC5400D8447E /* SelectedCategoryViewController.swift in Sources */ = {isa = PBXBuildFile; fileRef = 0636AE6228DCBC5400D8447E /* SelectedCategoryViewController.swift */; };
		06431E3428DB57600033D3CB /* DashboardViewController.swift in Sources */ = {isa = PBXBuildFile; fileRef = 06431E3328DB57600033D3CB /* DashboardViewController.swift */; };
		06431E3628DB5CF90033D3CB /* RegisterViewController.swift in Sources */ = {isa = PBXBuildFile; fileRef = 06431E3528DB5CF90033D3CB /* RegisterViewController.swift */; };
		064AF79F28DB42B2001B9EA5 /* GoogleService-Info.plist in Resources */ = {isa = PBXBuildFile; fileRef = 064AF79E28DB42B2001B9EA5 /* GoogleService-Info.plist */; };
		066A6D4628DAD88D00E2FD39 /* AppDelegate.swift in Sources */ = {isa = PBXBuildFile; fileRef = 066A6D4528DAD88D00E2FD39 /* AppDelegate.swift */; };
		066A6D4828DAD88D00E2FD39 /* SceneDelegate.swift in Sources */ = {isa = PBXBuildFile; fileRef = 066A6D4728DAD88D00E2FD39 /* SceneDelegate.swift */; };
		066A6D4A28DAD88D00E2FD39 /* ViewController.swift in Sources */ = {isa = PBXBuildFile; fileRef = 066A6D4928DAD88D00E2FD39 /* ViewController.swift */; };
		066A6D4D28DAD88D00E2FD39 /* Main.storyboard in Resources */ = {isa = PBXBuildFile; fileRef = 066A6D4B28DAD88D00E2FD39 /* Main.storyboard */; };
		066A6D5028DAD88D00E2FD39 /* RagsNTags.xcdatamodeld in Sources */ = {isa = PBXBuildFile; fileRef = 066A6D4E28DAD88D00E2FD39 /* RagsNTags.xcdatamodeld */; };
		066A6D5228DAD88E00E2FD39 /* Assets.xcassets in Resources */ = {isa = PBXBuildFile; fileRef = 066A6D5128DAD88E00E2FD39 /* Assets.xcassets */; };
		066A6D5528DAD88E00E2FD39 /* LaunchScreen.storyboard in Resources */ = {isa = PBXBuildFile; fileRef = 066A6D5328DAD88E00E2FD39 /* LaunchScreen.storyboard */; };
		066A6D6028DAD88F00E2FD39 /* RagsNTagsTests.swift in Sources */ = {isa = PBXBuildFile; fileRef = 066A6D5F28DAD88F00E2FD39 /* RagsNTagsTests.swift */; };
		066A6D6A28DAD88F00E2FD39 /* RagsNTagsUITests.swift in Sources */ = {isa = PBXBuildFile; fileRef = 066A6D6928DAD88F00E2FD39 /* RagsNTagsUITests.swift */; };
		066A6D6C28DAD88F00E2FD39 /* RagsNTagsUITestsLaunchTests.swift in Sources */ = {isa = PBXBuildFile; fileRef = 066A6D6B28DAD88F00E2FD39 /* RagsNTagsUITestsLaunchTests.swift */; };
		0685879C28E0CB550024941B /* MapUserViewController.swift in Sources */ = {isa = PBXBuildFile; fileRef = 0685879B28E0CB550024941B /* MapUserViewController.swift */; };
		0685879E28E0D46A0024941B /* ThankYouViewController.swift in Sources */ = {isa = PBXBuildFile; fileRef = 0685879D28E0D46A0024941B /* ThankYouViewController.swift */; };
		068B77E828DDE79000D6A079 /* CategoriesViewController.swift in Sources */ = {isa = PBXBuildFile; fileRef = 068B77E728DDE79000D6A079 /* CategoriesViewController.swift */; };
		068B77EA28DDE7D300D6A079 /* CartViewController.swift in Sources */ = {isa = PBXBuildFile; fileRef = 068B77E928DDE7D300D6A079 /* CartViewController.swift */; };
		068E608A28DC63100078DF37 /* GroceriesViewController.swift in Sources */ = {isa = PBXBuildFile; fileRef = 068E608928DC63100078DF37 /* GroceriesViewController.swift */; };
		068E608C28DC63510078DF37 /* FashionViewController.swift in Sources */ = {isa = PBXBuildFile; fileRef = 068E608B28DC63510078DF37 /* FashionViewController.swift */; };
		068E608E28DC63B30078DF37 /* MobileViewController.swift in Sources */ = {isa = PBXBuildFile; fileRef = 068E608D28DC63B30078DF37 /* MobileViewController.swift */; };
		068E609028DC63EF0078DF37 /* BeautyViewController.swift in Sources */ = {isa = PBXBuildFile; fileRef = 068E608F28DC63EF0078DF37 /* BeautyViewController.swift */; };
		068E609228DC685F0078DF37 /* products.json in Resources */ = {isa = PBXBuildFile; fileRef = 068E609128DC685F0078DF37 /* products.json */; };
		06BF153128E1A97C00A980DF /* UserRegisterData+CoreDataClass.swift in Sources */ = {isa = PBXBuildFile; fileRef = 06BF152F28E1A97C00A980DF /* UserRegisterData+CoreDataClass.swift */; };
		06BF153228E1A97C00A980DF /* CartData+CoreDataProperties.swift in Sources */ = {isa = PBXBuildFile; fileRef = 06BF152D28E1A97C00A980DF /* CartData+CoreDataProperties.swift */; };
		06BF153328E1A97C00A980DF /* UserRegisterData+CoreDataProperties.swift in Sources */ = {isa = PBXBuildFile; fileRef = 06BF152E28E1A97C00A980DF /* UserRegisterData+CoreDataProperties.swift */; };
		06BF153428E1A97C00A980DF /* CartData+CoreDataClass.swift in Sources */ = {isa = PBXBuildFile; fileRef = 06BF153028E1A97C00A980DF /* CartData+CoreDataClass.swift */; };
		06CD0EF828E18B6600F639CC /* AlertsAndNotifications.framework in Frameworks */ = {isa = PBXBuildFile; fileRef = 06CD0EF528E18B3700F639CC /* AlertsAndNotifications.framework */; };
		06CD0EF928E18B6600F639CC /* AlertsAndNotifications.framework in Embed Frameworks */ = {isa = PBXBuildFile; fileRef = 06CD0EF528E18B3700F639CC /* AlertsAndNotifications.framework */; settings = {ATTRIBUTES = (CodeSignOnCopy, RemoveHeadersOnCopy, ); }; };
		223D387B40F8CA14312E18DC /* Pods_RagsNTagsTests.framework in Frameworks */ = {isa = PBXBuildFile; fileRef = 8042D807DBB7A0D91720E8CB /* Pods_RagsNTagsTests.framework */; };
		D32D7BCB1489856274A3C0C3 /* Pods_RagsNTags_RagsNTagsUITests.framework in Frameworks */ = {isa = PBXBuildFile; fileRef = EAA792CDB5C42E45DEB1101C /* Pods_RagsNTags_RagsNTagsUITests.framework */; };
		D56AEFFF1D435CC4FE22DC56 /* Pods_RagsNTags.framework in Frameworks */ = {isa = PBXBuildFile; fileRef = C13590E9BC074D2DB59FF36C /* Pods_RagsNTags.framework */; };
/* End PBXBuildFile section */

/* Begin PBXContainerItemProxy section */
		066A6D5C28DAD88F00E2FD39 /* PBXContainerItemProxy */ = {
			isa = PBXContainerItemProxy;
			containerPortal = 066A6D3A28DAD88D00E2FD39 /* Project object */;
			proxyType = 1;
			remoteGlobalIDString = 066A6D4128DAD88D00E2FD39;
			remoteInfo = RagsNTags;
		};
		066A6D6628DAD88F00E2FD39 /* PBXContainerItemProxy */ = {
			isa = PBXContainerItemProxy;
			containerPortal = 066A6D3A28DAD88D00E2FD39 /* Project object */;
			proxyType = 1;
			remoteGlobalIDString = 066A6D4128DAD88D00E2FD39;
			remoteInfo = RagsNTags;
		};
		068587CB28E109E10024941B /* PBXContainerItemProxy */ = {
			isa = PBXContainerItemProxy;
			containerPortal = 068587C628E109E10024941B /* NotificatoinsAndAlerts.xcodeproj */;
			proxyType = 2;
			remoteGlobalIDString = 068587A928E107030024941B;
			remoteInfo = NotificatoinsAndAlerts;
		};
		068587CD28E109E10024941B /* PBXContainerItemProxy */ = {
			isa = PBXContainerItemProxy;
			containerPortal = 068587C628E109E10024941B /* NotificatoinsAndAlerts.xcodeproj */;
			proxyType = 2;
			remoteGlobalIDString = 068587B328E107040024941B;
			remoteInfo = NotificatoinsAndAlertsTests;
		};
		06CD0EF428E18B3700F639CC /* PBXContainerItemProxy */ = {
			isa = PBXContainerItemProxy;
			containerPortal = 06CD0EEF28E18B3700F639CC /* AlertsAndNotifications.xcodeproj */;
			proxyType = 2;
			remoteGlobalIDString = 06CD0ED328E18AA500F639CC;
			remoteInfo = AlertsAndNotifications;
		};
		06CD0EF628E18B3700F639CC /* PBXContainerItemProxy */ = {
			isa = PBXContainerItemProxy;
			containerPortal = 06CD0EEF28E18B3700F639CC /* AlertsAndNotifications.xcodeproj */;
			proxyType = 2;
			remoteGlobalIDString = 06CD0EDD28E18AA500F639CC;
			remoteInfo = AlertsAndNotificationsTests;
		};
/* End PBXContainerItemProxy section */

/* Begin PBXCopyFilesBuildPhase section */
		06CD0EFA28E18B6700F639CC /* Embed Frameworks */ = {
			isa = PBXCopyFilesBuildPhase;
			buildActionMask = 2147483647;
			dstPath = "";
			dstSubfolderSpec = 10;
			files = (
				06CD0EF928E18B6600F639CC /* AlertsAndNotifications.framework in Embed Frameworks */,
			);
			name = "Embed Frameworks";
			runOnlyForDeploymentPostprocessing = 0;
		};
/* End PBXCopyFilesBuildPhase section */

/* Begin PBXFileReference section */
		02BE0DD31F5E9B81D3ADD507 /* Pods-RagsNTags-RagsNTagsUITests.debug.xcconfig */ = {isa = PBXFileReference; includeInIndex = 1; lastKnownFileType = text.xcconfig; name = "Pods-RagsNTags-RagsNTagsUITests.debug.xcconfig"; path = "Target Support Files/Pods-RagsNTags-RagsNTagsUITests/Pods-RagsNTags-RagsNTagsUITests.debug.xcconfig"; sourceTree = "<group>"; };
		0618AE6628DEDF2F00B90A97 /* ProductDetailsViewController.swift */ = {isa = PBXFileReference; lastKnownFileType = sourcecode.swift; path = ProductDetailsViewController.swift; sourceTree = "<group>"; };
		0618AE7028DF8D0B00B90A97 /* CheckoutViewController.swift */ = {isa = PBXFileReference; lastKnownFileType = sourcecode.swift; path = CheckoutViewController.swift; sourceTree = "<group>"; };
		0636AE6228DCBC5400D8447E /* SelectedCategoryViewController.swift */ = {isa = PBXFileReference; lastKnownFileType = sourcecode.swift; path = SelectedCategoryViewController.swift; sourceTree = "<group>"; };
		063CB36F28E1111700327213 /* AlertsAndNotifications */ = {isa = PBXFileReference; lastKnownFileType = folder; name = AlertsAndNotifications; path = ../AlertsAndNotifications; sourceTree = "<group>"; };
		06431E3328DB57600033D3CB /* DashboardViewController.swift */ = {isa = PBXFileReference; lastKnownFileType = sourcecode.swift; path = DashboardViewController.swift; sourceTree = "<group>"; };
		06431E3528DB5CF90033D3CB /* RegisterViewController.swift */ = {isa = PBXFileReference; lastKnownFileType = sourcecode.swift; path = RegisterViewController.swift; sourceTree = "<group>"; };
		064AF79E28DB42B2001B9EA5 /* GoogleService-Info.plist */ = {isa = PBXFileReference; fileEncoding = 4; lastKnownFileType = text.plist.xml; path = "GoogleService-Info.plist"; sourceTree = "<group>"; };
		066A6D4228DAD88D00E2FD39 /* RagsNTags.app */ = {isa = PBXFileReference; explicitFileType = wrapper.application; includeInIndex = 0; path = RagsNTags.app; sourceTree = BUILT_PRODUCTS_DIR; };
		066A6D4528DAD88D00E2FD39 /* AppDelegate.swift */ = {isa = PBXFileReference; lastKnownFileType = sourcecode.swift; path = AppDelegate.swift; sourceTree = "<group>"; };
		066A6D4728DAD88D00E2FD39 /* SceneDelegate.swift */ = {isa = PBXFileReference; lastKnownFileType = sourcecode.swift; path = SceneDelegate.swift; sourceTree = "<group>"; };
		066A6D4928DAD88D00E2FD39 /* ViewController.swift */ = {isa = PBXFileReference; lastKnownFileType = sourcecode.swift; path = ViewController.swift; sourceTree = "<group>"; };
		066A6D4C28DAD88D00E2FD39 /* Base */ = {isa = PBXFileReference; lastKnownFileType = file.storyboard; name = Base; path = Base.lproj/Main.storyboard; sourceTree = "<group>"; };
		066A6D4F28DAD88D00E2FD39 /* RagsNTags.xcdatamodel */ = {isa = PBXFileReference; lastKnownFileType = wrapper.xcdatamodel; path = RagsNTags.xcdatamodel; sourceTree = "<group>"; };
		066A6D5128DAD88E00E2FD39 /* Assets.xcassets */ = {isa = PBXFileReference; lastKnownFileType = folder.assetcatalog; path = Assets.xcassets; sourceTree = "<group>"; };
		066A6D5428DAD88E00E2FD39 /* Base */ = {isa = PBXFileReference; lastKnownFileType = file.storyboard; name = Base; path = Base.lproj/LaunchScreen.storyboard; sourceTree = "<group>"; };
		066A6D5628DAD88E00E2FD39 /* Info.plist */ = {isa = PBXFileReference; lastKnownFileType = text.plist.xml; path = Info.plist; sourceTree = "<group>"; };
		066A6D5B28DAD88F00E2FD39 /* RagsNTagsTests.xctest */ = {isa = PBXFileReference; explicitFileType = wrapper.cfbundle; includeInIndex = 0; path = RagsNTagsTests.xctest; sourceTree = BUILT_PRODUCTS_DIR; };
		066A6D5F28DAD88F00E2FD39 /* RagsNTagsTests.swift */ = {isa = PBXFileReference; lastKnownFileType = sourcecode.swift; path = RagsNTagsTests.swift; sourceTree = "<group>"; };
		066A6D6528DAD88F00E2FD39 /* RagsNTagsUITests.xctest */ = {isa = PBXFileReference; explicitFileType = wrapper.cfbundle; includeInIndex = 0; path = RagsNTagsUITests.xctest; sourceTree = BUILT_PRODUCTS_DIR; };
		066A6D6928DAD88F00E2FD39 /* RagsNTagsUITests.swift */ = {isa = PBXFileReference; lastKnownFileType = sourcecode.swift; path = RagsNTagsUITests.swift; sourceTree = "<group>"; };
		066A6D6B28DAD88F00E2FD39 /* RagsNTagsUITestsLaunchTests.swift */ = {isa = PBXFileReference; lastKnownFileType = sourcecode.swift; path = RagsNTagsUITestsLaunchTests.swift; sourceTree = "<group>"; };
		0685879B28E0CB550024941B /* MapUserViewController.swift */ = {isa = PBXFileReference; lastKnownFileType = sourcecode.swift; path = MapUserViewController.swift; sourceTree = "<group>"; };
		0685879D28E0D46A0024941B /* ThankYouViewController.swift */ = {isa = PBXFileReference; lastKnownFileType = sourcecode.swift; path = ThankYouViewController.swift; sourceTree = "<group>"; };
		068587C328E108520024941B /* NotificatoinsAndAlerts */ = {isa = PBXFileReference; lastKnownFileType = folder; name = NotificatoinsAndAlerts; path = ../NotificatoinsAndAlerts; sourceTree = "<group>"; };
		068587C628E109E10024941B /* NotificatoinsAndAlerts.xcodeproj */ = {isa = PBXFileReference; lastKnownFileType = "wrapper.pb-project"; name = NotificatoinsAndAlerts.xcodeproj; path = ../NotificatoinsAndAlerts/NotificatoinsAndAlerts.xcodeproj; sourceTree = "<group>"; };
		068B77E728DDE79000D6A079 /* CategoriesViewController.swift */ = {isa = PBXFileReference; lastKnownFileType = sourcecode.swift; path = CategoriesViewController.swift; sourceTree = "<group>"; };
		068B77E928DDE7D300D6A079 /* CartViewController.swift */ = {isa = PBXFileReference; lastKnownFileType = sourcecode.swift; path = CartViewController.swift; sourceTree = "<group>"; };
		068E608928DC63100078DF37 /* GroceriesViewController.swift */ = {isa = PBXFileReference; lastKnownFileType = sourcecode.swift; path = GroceriesViewController.swift; sourceTree = "<group>"; };
		068E608B28DC63510078DF37 /* FashionViewController.swift */ = {isa = PBXFileReference; lastKnownFileType = sourcecode.swift; path = FashionViewController.swift; sourceTree = "<group>"; };
		068E608D28DC63B30078DF37 /* MobileViewController.swift */ = {isa = PBXFileReference; lastKnownFileType = sourcecode.swift; path = MobileViewController.swift; sourceTree = "<group>"; };
		068E608F28DC63EF0078DF37 /* BeautyViewController.swift */ = {isa = PBXFileReference; lastKnownFileType = sourcecode.swift; path = BeautyViewController.swift; sourceTree = "<group>"; };
		068E609128DC685F0078DF37 /* products.json */ = {isa = PBXFileReference; fileEncoding = 4; lastKnownFileType = text.json; path = products.json; sourceTree = "<group>"; };
		06BF152D28E1A97C00A980DF /* CartData+CoreDataProperties.swift */ = {isa = PBXFileReference; lastKnownFileType = sourcecode.swift; name = "CartData+CoreDataProperties.swift"; path = "/Users/capgemini-da322/Documents/sprint2/RagsNTags/RagsNTags/CartData+CoreDataProperties.swift"; sourceTree = "<absolute>"; };
		06BF152E28E1A97C00A980DF /* UserRegisterData+CoreDataProperties.swift */ = {isa = PBXFileReference; lastKnownFileType = sourcecode.swift; name = "UserRegisterData+CoreDataProperties.swift"; path = "/Users/capgemini-da322/Documents/sprint2/RagsNTags/RagsNTags/UserRegisterData+CoreDataProperties.swift"; sourceTree = "<absolute>"; };
		06BF152F28E1A97C00A980DF /* UserRegisterData+CoreDataClass.swift */ = {isa = PBXFileReference; lastKnownFileType = sourcecode.swift; name = "UserRegisterData+CoreDataClass.swift"; path = "/Users/capgemini-da322/Documents/sprint2/RagsNTags/RagsNTags/UserRegisterData+CoreDataClass.swift"; sourceTree = "<absolute>"; };
		06BF153028E1A97C00A980DF /* CartData+CoreDataClass.swift */ = {isa = PBXFileReference; lastKnownFileType = sourcecode.swift; name = "CartData+CoreDataClass.swift"; path = "/Users/capgemini-da322/Documents/sprint2/RagsNTags/RagsNTags/CartData+CoreDataClass.swift"; sourceTree = "<absolute>"; };
		06CD0EEF28E18B3700F639CC /* AlertsAndNotifications.xcodeproj */ = {isa = PBXFileReference; lastKnownFileType = "wrapper.pb-project"; name = AlertsAndNotifications.xcodeproj; path = ../../AlertsAndNotifications/AlertsAndNotifications.xcodeproj; sourceTree = "<group>"; };
		612766A4A5A465A1976BB513 /* Pods-RagsNTags-RagsNTagsUITests.release.xcconfig */ = {isa = PBXFileReference; includeInIndex = 1; lastKnownFileType = text.xcconfig; name = "Pods-RagsNTags-RagsNTagsUITests.release.xcconfig"; path = "Target Support Files/Pods-RagsNTags-RagsNTagsUITests/Pods-RagsNTags-RagsNTagsUITests.release.xcconfig"; sourceTree = "<group>"; };
		667B93D24C6BD405956A4D2B /* Pods-RagsNTags.debug.xcconfig */ = {isa = PBXFileReference; includeInIndex = 1; lastKnownFileType = text.xcconfig; name = "Pods-RagsNTags.debug.xcconfig"; path = "Target Support Files/Pods-RagsNTags/Pods-RagsNTags.debug.xcconfig"; sourceTree = "<group>"; };
		784B326E142630F000D0108C /* Pods-RagsNTagsTests.debug.xcconfig */ = {isa = PBXFileReference; includeInIndex = 1; lastKnownFileType = text.xcconfig; name = "Pods-RagsNTagsTests.debug.xcconfig"; path = "Target Support Files/Pods-RagsNTagsTests/Pods-RagsNTagsTests.debug.xcconfig"; sourceTree = "<group>"; };
		7CB3A9C18D77D06004812815 /* Pods-RagsNTags.release.xcconfig */ = {isa = PBXFileReference; includeInIndex = 1; lastKnownFileType = text.xcconfig; name = "Pods-RagsNTags.release.xcconfig"; path = "Target Support Files/Pods-RagsNTags/Pods-RagsNTags.release.xcconfig"; sourceTree = "<group>"; };
		8042D807DBB7A0D91720E8CB /* Pods_RagsNTagsTests.framework */ = {isa = PBXFileReference; explicitFileType = wrapper.framework; includeInIndex = 0; path = Pods_RagsNTagsTests.framework; sourceTree = BUILT_PRODUCTS_DIR; };
		A3A75917BE04A45740CF7BCE /* Pods-RagsNTagsTests.release.xcconfig */ = {isa = PBXFileReference; includeInIndex = 1; lastKnownFileType = text.xcconfig; name = "Pods-RagsNTagsTests.release.xcconfig"; path = "Target Support Files/Pods-RagsNTagsTests/Pods-RagsNTagsTests.release.xcconfig"; sourceTree = "<group>"; };
		C13590E9BC074D2DB59FF36C /* Pods_RagsNTags.framework */ = {isa = PBXFileReference; explicitFileType = wrapper.framework; includeInIndex = 0; path = Pods_RagsNTags.framework; sourceTree = BUILT_PRODUCTS_DIR; };
		EAA792CDB5C42E45DEB1101C /* Pods_RagsNTags_RagsNTagsUITests.framework */ = {isa = PBXFileReference; explicitFileType = wrapper.framework; includeInIndex = 0; path = Pods_RagsNTags_RagsNTagsUITests.framework; sourceTree = BUILT_PRODUCTS_DIR; };
/* End PBXFileReference section */

/* Begin PBXFrameworksBuildPhase section */
		066A6D3F28DAD88D00E2FD39 /* Frameworks */ = {
			isa = PBXFrameworksBuildPhase;
			buildActionMask = 2147483647;
			files = (
				06CD0EF828E18B6600F639CC /* AlertsAndNotifications.framework in Frameworks */,
				D56AEFFF1D435CC4FE22DC56 /* Pods_RagsNTags.framework in Frameworks */,
			);
			runOnlyForDeploymentPostprocessing = 0;
		};
		066A6D5828DAD88F00E2FD39 /* Frameworks */ = {
			isa = PBXFrameworksBuildPhase;
			buildActionMask = 2147483647;
			files = (
				223D387B40F8CA14312E18DC /* Pods_RagsNTagsTests.framework in Frameworks */,
			);
			runOnlyForDeploymentPostprocessing = 0;
		};
		066A6D6228DAD88F00E2FD39 /* Frameworks */ = {
			isa = PBXFrameworksBuildPhase;
			buildActionMask = 2147483647;
			files = (
				D32D7BCB1489856274A3C0C3 /* Pods_RagsNTags_RagsNTagsUITests.framework in Frameworks */,
			);
			runOnlyForDeploymentPostprocessing = 0;
		};
/* End PBXFrameworksBuildPhase section */

/* Begin PBXGroup section */
		066A6D3928DAD88D00E2FD39 = {
			isa = PBXGroup;
			children = (
				066A6D4428DAD88D00E2FD39 /* RagsNTags */,
				066A6D5E28DAD88F00E2FD39 /* RagsNTagsTests */,
				066A6D6828DAD88F00E2FD39 /* RagsNTagsUITests */,
				066A6D4328DAD88D00E2FD39 /* Products */,
				68CB320CE8B7F2E178A8BBC2 /* Pods */,
				36DC90D8F9F5120F0503E0FE /* Frameworks */,
			);
			sourceTree = "<group>";
		};
		066A6D4328DAD88D00E2FD39 /* Products */ = {
			isa = PBXGroup;
			children = (
				066A6D4228DAD88D00E2FD39 /* RagsNTags.app */,
				066A6D5B28DAD88F00E2FD39 /* RagsNTagsTests.xctest */,
				066A6D6528DAD88F00E2FD39 /* RagsNTagsUITests.xctest */,
			);
			name = Products;
			sourceTree = "<group>";
		};
		066A6D4428DAD88D00E2FD39 /* RagsNTags */ = {
			isa = PBXGroup;
			children = (
				06BF152F28E1A97C00A980DF /* UserRegisterData+CoreDataClass.swift */,
				06BF152E28E1A97C00A980DF /* UserRegisterData+CoreDataProperties.swift */,
				06BF153028E1A97C00A980DF /* CartData+CoreDataClass.swift */,
				06BF152D28E1A97C00A980DF /* CartData+CoreDataProperties.swift */,
				06CD0EEF28E18B3700F639CC /* AlertsAndNotifications.xcodeproj */,
				066A6D4528DAD88D00E2FD39 /* AppDelegate.swift */,
				066A6D4728DAD88D00E2FD39 /* SceneDelegate.swift */,
				066A6D4928DAD88D00E2FD39 /* ViewController.swift */,
				066A6D4B28DAD88D00E2FD39 /* Main.storyboard */,
				066A6D5128DAD88E00E2FD39 /* Assets.xcassets */,
				066A6D5328DAD88E00E2FD39 /* LaunchScreen.storyboard */,
				066A6D5628DAD88E00E2FD39 /* Info.plist */,
				064AF79E28DB42B2001B9EA5 /* GoogleService-Info.plist */,
				068E609128DC685F0078DF37 /* products.json */,
				066A6D4E28DAD88D00E2FD39 /* RagsNTags.xcdatamodeld */,
				06431E3328DB57600033D3CB /* DashboardViewController.swift */,
				06431E3528DB5CF90033D3CB /* RegisterViewController.swift */,
				068E608928DC63100078DF37 /* GroceriesViewController.swift */,
				068E608B28DC63510078DF37 /* FashionViewController.swift */,
				068E608D28DC63B30078DF37 /* MobileViewController.swift */,
				068E608F28DC63EF0078DF37 /* BeautyViewController.swift */,
				0636AE6228DCBC5400D8447E /* SelectedCategoryViewController.swift */,
				068B77E728DDE79000D6A079 /* CategoriesViewController.swift */,
				068B77E928DDE7D300D6A079 /* CartViewController.swift */,
				0618AE6628DEDF2F00B90A97 /* ProductDetailsViewController.swift */,
				0618AE7028DF8D0B00B90A97 /* CheckoutViewController.swift */,
				0685879B28E0CB550024941B /* MapUserViewController.swift */,
				0685879D28E0D46A0024941B /* ThankYouViewController.swift */,
			);
			path = RagsNTags;
			sourceTree = "<group>";
		};
		066A6D5E28DAD88F00E2FD39 /* RagsNTagsTests */ = {
			isa = PBXGroup;
			children = (
				066A6D5F28DAD88F00E2FD39 /* RagsNTagsTests.swift */,
			);
			path = RagsNTagsTests;
			sourceTree = "<group>";
		};
		066A6D6828DAD88F00E2FD39 /* RagsNTagsUITests */ = {
			isa = PBXGroup;
			children = (
				066A6D6928DAD88F00E2FD39 /* RagsNTagsUITests.swift */,
				066A6D6B28DAD88F00E2FD39 /* RagsNTagsUITestsLaunchTests.swift */,
			);
			path = RagsNTagsUITests;
			sourceTree = "<group>";
		};
		068587C728E109E10024941B /* Products */ = {
			isa = PBXGroup;
			children = (
				068587CC28E109E10024941B /* NotificatoinsAndAlerts.framework */,
				068587CE28E109E10024941B /* NotificatoinsAndAlertsTests.xctest */,
			);
			name = Products;
			sourceTree = "<group>";
		};
		06CD0EF028E18B3700F639CC /* Products */ = {
			isa = PBXGroup;
			children = (
				06CD0EF528E18B3700F639CC /* AlertsAndNotifications.framework */,
				06CD0EF728E18B3700F639CC /* AlertsAndNotificationsTests.xctest */,
			);
			name = Products;
			sourceTree = "<group>";
		};
		36DC90D8F9F5120F0503E0FE /* Frameworks */ = {
			isa = PBXGroup;
			children = (
				063CB36F28E1111700327213 /* AlertsAndNotifications */,
				068587C628E109E10024941B /* NotificatoinsAndAlerts.xcodeproj */,
				068587C328E108520024941B /* NotificatoinsAndAlerts */,
				C13590E9BC074D2DB59FF36C /* Pods_RagsNTags.framework */,
				EAA792CDB5C42E45DEB1101C /* Pods_RagsNTags_RagsNTagsUITests.framework */,
				8042D807DBB7A0D91720E8CB /* Pods_RagsNTagsTests.framework */,
			);
			name = Frameworks;
			sourceTree = "<group>";
		};
		68CB320CE8B7F2E178A8BBC2 /* Pods */ = {
			isa = PBXGroup;
			children = (
				667B93D24C6BD405956A4D2B /* Pods-RagsNTags.debug.xcconfig */,
				7CB3A9C18D77D06004812815 /* Pods-RagsNTags.release.xcconfig */,
				02BE0DD31F5E9B81D3ADD507 /* Pods-RagsNTags-RagsNTagsUITests.debug.xcconfig */,
				612766A4A5A465A1976BB513 /* Pods-RagsNTags-RagsNTagsUITests.release.xcconfig */,
				784B326E142630F000D0108C /* Pods-RagsNTagsTests.debug.xcconfig */,
				A3A75917BE04A45740CF7BCE /* Pods-RagsNTagsTests.release.xcconfig */,
			);
			path = Pods;
			sourceTree = "<group>";
		};
/* End PBXGroup section */

/* Begin PBXNativeTarget section */
		066A6D4128DAD88D00E2FD39 /* RagsNTags */ = {
			isa = PBXNativeTarget;
			buildConfigurationList = 066A6D6F28DAD88F00E2FD39 /* Build configuration list for PBXNativeTarget "RagsNTags" */;
			buildPhases = (
				79A3CFF7096190655DB75064 /* [CP] Check Pods Manifest.lock */,
				066A6D3E28DAD88D00E2FD39 /* Sources */,
				066A6D3F28DAD88D00E2FD39 /* Frameworks */,
				066A6D4028DAD88D00E2FD39 /* Resources */,
				902B0D8B0602FB34C30D4E34 /* [CP] Embed Pods Frameworks */,
				06CD0EFA28E18B6700F639CC /* Embed Frameworks */,
			);
			buildRules = (
			);
			dependencies = (
			);
			name = RagsNTags;
			productName = RagsNTags;
			productReference = 066A6D4228DAD88D00E2FD39 /* RagsNTags.app */;
			productType = "com.apple.product-type.application";
		};
		066A6D5A28DAD88F00E2FD39 /* RagsNTagsTests */ = {
			isa = PBXNativeTarget;
			buildConfigurationList = 066A6D7228DAD88F00E2FD39 /* Build configuration list for PBXNativeTarget "RagsNTagsTests" */;
			buildPhases = (
				A11DF57E8066F19870C6A221 /* [CP] Check Pods Manifest.lock */,
				066A6D5728DAD88F00E2FD39 /* Sources */,
				066A6D5828DAD88F00E2FD39 /* Frameworks */,
				066A6D5928DAD88F00E2FD39 /* Resources */,
			);
			buildRules = (
			);
			dependencies = (
				066A6D5D28DAD88F00E2FD39 /* PBXTargetDependency */,
			);
			name = RagsNTagsTests;
			productName = RagsNTagsTests;
			productReference = 066A6D5B28DAD88F00E2FD39 /* RagsNTagsTests.xctest */;
			productType = "com.apple.product-type.bundle.unit-test";
		};
		066A6D6428DAD88F00E2FD39 /* RagsNTagsUITests */ = {
			isa = PBXNativeTarget;
			buildConfigurationList = 066A6D7528DAD88F00E2FD39 /* Build configuration list for PBXNativeTarget "RagsNTagsUITests" */;
			buildPhases = (
				17E9AFDC6D477A88DF644D66 /* [CP] Check Pods Manifest.lock */,
				066A6D6128DAD88F00E2FD39 /* Sources */,
				066A6D6228DAD88F00E2FD39 /* Frameworks */,
				066A6D6328DAD88F00E2FD39 /* Resources */,
				44165D23DCF3C3F4E979C154 /* [CP] Embed Pods Frameworks */,
			);
			buildRules = (
			);
			dependencies = (
				066A6D6728DAD88F00E2FD39 /* PBXTargetDependency */,
			);
			name = RagsNTagsUITests;
			productName = RagsNTagsUITests;
			productReference = 066A6D6528DAD88F00E2FD39 /* RagsNTagsUITests.xctest */;
			productType = "com.apple.product-type.bundle.ui-testing";
		};
/* End PBXNativeTarget section */

/* Begin PBXProject section */
		066A6D3A28DAD88D00E2FD39 /* Project object */ = {
			isa = PBXProject;
			attributes = {
				BuildIndependentTargetsInParallel = 1;
				LastSwiftUpdateCheck = 1340;
				LastUpgradeCheck = 1340;
				TargetAttributes = {
					066A6D4128DAD88D00E2FD39 = {
						CreatedOnToolsVersion = 13.4.1;
					};
					066A6D5A28DAD88F00E2FD39 = {
						CreatedOnToolsVersion = 13.4.1;
						TestTargetID = 066A6D4128DAD88D00E2FD39;
					};
					066A6D6428DAD88F00E2FD39 = {
						CreatedOnToolsVersion = 13.4.1;
						TestTargetID = 066A6D4128DAD88D00E2FD39;
					};
				};
			};
			buildConfigurationList = 066A6D3D28DAD88D00E2FD39 /* Build configuration list for PBXProject "RagsNTags" */;
			compatibilityVersion = "Xcode 13.0";
			developmentRegion = en;
			hasScannedForEncodings = 0;
			knownRegions = (
				en,
				Base,
			);
			mainGroup = 066A6D3928DAD88D00E2FD39;
			productRefGroup = 066A6D4328DAD88D00E2FD39 /* Products */;
			projectDirPath = "";
			projectReferences = (
				{
					ProductGroup = 06CD0EF028E18B3700F639CC /* Products */;
					ProjectRef = 06CD0EEF28E18B3700F639CC /* AlertsAndNotifications.xcodeproj */;
				},
				{
					ProductGroup = 068587C728E109E10024941B /* Products */;
					ProjectRef = 068587C628E109E10024941B /* NotificatoinsAndAlerts.xcodeproj */;
				},
			);
			projectRoot = "";
			targets = (
				066A6D4128DAD88D00E2FD39 /* RagsNTags */,
				066A6D5A28DAD88F00E2FD39 /* RagsNTagsTests */,
				066A6D6428DAD88F00E2FD39 /* RagsNTagsUITests */,
			);
		};
/* End PBXProject section */

/* Begin PBXReferenceProxy section */
		068587CC28E109E10024941B /* NotificatoinsAndAlerts.framework */ = {
			isa = PBXReferenceProxy;
			fileType = wrapper.framework;
			path = NotificatoinsAndAlerts.framework;
			remoteRef = 068587CB28E109E10024941B /* PBXContainerItemProxy */;
			sourceTree = BUILT_PRODUCTS_DIR;
		};
		068587CE28E109E10024941B /* NotificatoinsAndAlertsTests.xctest */ = {
			isa = PBXReferenceProxy;
			fileType = wrapper.cfbundle;
			path = NotificatoinsAndAlertsTests.xctest;
			remoteRef = 068587CD28E109E10024941B /* PBXContainerItemProxy */;
			sourceTree = BUILT_PRODUCTS_DIR;
		};
		06CD0EF528E18B3700F639CC /* AlertsAndNotifications.framework */ = {
			isa = PBXReferenceProxy;
			fileType = wrapper.framework;
			path = AlertsAndNotifications.framework;
			remoteRef = 06CD0EF428E18B3700F639CC /* PBXContainerItemProxy */;
			sourceTree = BUILT_PRODUCTS_DIR;
		};
		06CD0EF728E18B3700F639CC /* AlertsAndNotificationsTests.xctest */ = {
			isa = PBXReferenceProxy;
			fileType = wrapper.cfbundle;
			path = AlertsAndNotificationsTests.xctest;
			remoteRef = 06CD0EF628E18B3700F639CC /* PBXContainerItemProxy */;
			sourceTree = BUILT_PRODUCTS_DIR;
		};
/* End PBXReferenceProxy section */

/* Begin PBXResourcesBuildPhase section */
		066A6D4028DAD88D00E2FD39 /* Resources */ = {
			isa = PBXResourcesBuildPhase;
			buildActionMask = 2147483647;
			files = (
				068E609228DC685F0078DF37 /* products.json in Resources */,
				066A6D5528DAD88E00E2FD39 /* LaunchScreen.storyboard in Resources */,
				064AF79F28DB42B2001B9EA5 /* GoogleService-Info.plist in Resources */,
				066A6D5228DAD88E00E2FD39 /* Assets.xcassets in Resources */,
				066A6D4D28DAD88D00E2FD39 /* Main.storyboard in Resources */,
			);
			runOnlyForDeploymentPostprocessing = 0;
		};
		066A6D5928DAD88F00E2FD39 /* Resources */ = {
			isa = PBXResourcesBuildPhase;
			buildActionMask = 2147483647;
			files = (
			);
			runOnlyForDeploymentPostprocessing = 0;
		};
		066A6D6328DAD88F00E2FD39 /* Resources */ = {
			isa = PBXResourcesBuildPhase;
			buildActionMask = 2147483647;
			files = (
			);
			runOnlyForDeploymentPostprocessing = 0;
		};
/* End PBXResourcesBuildPhase section */

/* Begin PBXShellScriptBuildPhase section */
		17E9AFDC6D477A88DF644D66 /* [CP] Check Pods Manifest.lock */ = {
			isa = PBXShellScriptBuildPhase;
			buildActionMask = 2147483647;
			files = (
			);
			inputFileListPaths = (
			);
			inputPaths = (
				"${PODS_PODFILE_DIR_PATH}/Podfile.lock",
				"${PODS_ROOT}/Manifest.lock",
			);
			name = "[CP] Check Pods Manifest.lock";
			outputFileListPaths = (
			);
			outputPaths = (
				"$(DERIVED_FILE_DIR)/Pods-RagsNTags-RagsNTagsUITests-checkManifestLockResult.txt",
			);
			runOnlyForDeploymentPostprocessing = 0;
			shellPath = /bin/sh;
			shellScript = "diff \"${PODS_PODFILE_DIR_PATH}/Podfile.lock\" \"${PODS_ROOT}/Manifest.lock\" > /dev/null\nif [ $? != 0 ] ; then\n    # print error to STDERR\n    echo \"error: The sandbox is not in sync with the Podfile.lock. Run 'pod install' or update your CocoaPods installation.\" >&2\n    exit 1\nfi\n# This output is used by Xcode 'outputs' to avoid re-running this script phase.\necho \"SUCCESS\" > \"${SCRIPT_OUTPUT_FILE_0}\"\n";
			showEnvVarsInLog = 0;
		};
		44165D23DCF3C3F4E979C154 /* [CP] Embed Pods Frameworks */ = {
			isa = PBXShellScriptBuildPhase;
			buildActionMask = 2147483647;
			files = (
			);
			inputFileListPaths = (
				"${PODS_ROOT}/Target Support Files/Pods-RagsNTags-RagsNTagsUITests/Pods-RagsNTags-RagsNTagsUITests-frameworks-${CONFIGURATION}-input-files.xcfilelist",
			);
			name = "[CP] Embed Pods Frameworks";
			outputFileListPaths = (
				"${PODS_ROOT}/Target Support Files/Pods-RagsNTags-RagsNTagsUITests/Pods-RagsNTags-RagsNTagsUITests-frameworks-${CONFIGURATION}-output-files.xcfilelist",
			);
			runOnlyForDeploymentPostprocessing = 0;
			shellPath = /bin/sh;
			shellScript = "\"${PODS_ROOT}/Target Support Files/Pods-RagsNTags-RagsNTagsUITests/Pods-RagsNTags-RagsNTagsUITests-frameworks.sh\"\n";
			showEnvVarsInLog = 0;
		};
		79A3CFF7096190655DB75064 /* [CP] Check Pods Manifest.lock */ = {
			isa = PBXShellScriptBuildPhase;
			buildActionMask = 2147483647;
			files = (
			);
			inputFileListPaths = (
			);
			inputPaths = (
				"${PODS_PODFILE_DIR_PATH}/Podfile.lock",
				"${PODS_ROOT}/Manifest.lock",
			);
			name = "[CP] Check Pods Manifest.lock";
			outputFileListPaths = (
			);
			outputPaths = (
				"$(DERIVED_FILE_DIR)/Pods-RagsNTags-checkManifestLockResult.txt",
			);
			runOnlyForDeploymentPostprocessing = 0;
			shellPath = /bin/sh;
			shellScript = "diff \"${PODS_PODFILE_DIR_PATH}/Podfile.lock\" \"${PODS_ROOT}/Manifest.lock\" > /dev/null\nif [ $? != 0 ] ; then\n    # print error to STDERR\n    echo \"error: The sandbox is not in sync with the Podfile.lock. Run 'pod install' or update your CocoaPods installation.\" >&2\n    exit 1\nfi\n# This output is used by Xcode 'outputs' to avoid re-running this script phase.\necho \"SUCCESS\" > \"${SCRIPT_OUTPUT_FILE_0}\"\n";
			showEnvVarsInLog = 0;
		};
		902B0D8B0602FB34C30D4E34 /* [CP] Embed Pods Frameworks */ = {
			isa = PBXShellScriptBuildPhase;
			buildActionMask = 2147483647;
			files = (
			);
			inputFileListPaths = (
				"${PODS_ROOT}/Target Support Files/Pods-RagsNTags/Pods-RagsNTags-frameworks-${CONFIGURATION}-input-files.xcfilelist",
			);
			name = "[CP] Embed Pods Frameworks";
			outputFileListPaths = (
				"${PODS_ROOT}/Target Support Files/Pods-RagsNTags/Pods-RagsNTags-frameworks-${CONFIGURATION}-output-files.xcfilelist",
			);
			runOnlyForDeploymentPostprocessing = 0;
			shellPath = /bin/sh;
			shellScript = "\"${PODS_ROOT}/Target Support Files/Pods-RagsNTags/Pods-RagsNTags-frameworks.sh\"\n";
			showEnvVarsInLog = 0;
		};
		A11DF57E8066F19870C6A221 /* [CP] Check Pods Manifest.lock */ = {
			isa = PBXShellScriptBuildPhase;
			buildActionMask = 2147483647;
			files = (
			);
			inputFileListPaths = (
			);
			inputPaths = (
				"${PODS_PODFILE_DIR_PATH}/Podfile.lock",
				"${PODS_ROOT}/Manifest.lock",
			);
			name = "[CP] Check Pods Manifest.lock";
			outputFileListPaths = (
			);
			outputPaths = (
				"$(DERIVED_FILE_DIR)/Pods-RagsNTagsTests-checkManifestLockResult.txt",
			);
			runOnlyForDeploymentPostprocessing = 0;
			shellPath = /bin/sh;
			shellScript = "diff \"${PODS_PODFILE_DIR_PATH}/Podfile.lock\" \"${PODS_ROOT}/Manifest.lock\" > /dev/null\nif [ $? != 0 ] ; then\n    # print error to STDERR\n    echo \"error: The sandbox is not in sync with the Podfile.lock. Run 'pod install' or update your CocoaPods installation.\" >&2\n    exit 1\nfi\n# This output is used by Xcode 'outputs' to avoid re-running this script phase.\necho \"SUCCESS\" > \"${SCRIPT_OUTPUT_FILE_0}\"\n";
			showEnvVarsInLog = 0;
		};
/* End PBXShellScriptBuildPhase section */

/* Begin PBXSourcesBuildPhase section */
		066A6D3E28DAD88D00E2FD39 /* Sources */ = {
			isa = PBXSourcesBuildPhase;
			buildActionMask = 2147483647;
			files = (
				066A6D5028DAD88D00E2FD39 /* RagsNTags.xcdatamodeld in Sources */,
				0636AE6328DCBC5400D8447E /* SelectedCategoryViewController.swift in Sources */,
				0685879E28E0D46A0024941B /* ThankYouViewController.swift in Sources */,
				068E609028DC63EF0078DF37 /* BeautyViewController.swift in Sources */,
				066A6D4A28DAD88D00E2FD39 /* ViewController.swift in Sources */,
				068E608A28DC63100078DF37 /* GroceriesViewController.swift in Sources */,
				06BF153228E1A97C00A980DF /* CartData+CoreDataProperties.swift in Sources */,
				06431E3428DB57600033D3CB /* DashboardViewController.swift in Sources */,
				068E608E28DC63B30078DF37 /* MobileViewController.swift in Sources */,
				06431E3628DB5CF90033D3CB /* RegisterViewController.swift in Sources */,
				0685879C28E0CB550024941B /* MapUserViewController.swift in Sources */,
				066A6D4628DAD88D00E2FD39 /* AppDelegate.swift in Sources */,
				068B77EA28DDE7D300D6A079 /* CartViewController.swift in Sources */,
				06BF153428E1A97C00A980DF /* CartData+CoreDataClass.swift in Sources */,
				0618AE7128DF8D0B00B90A97 /* CheckoutViewController.swift in Sources */,
				06BF153128E1A97C00A980DF /* UserRegisterData+CoreDataClass.swift in Sources */,
				066A6D4828DAD88D00E2FD39 /* SceneDelegate.swift in Sources */,
				068E608C28DC63510078DF37 /* FashionViewController.swift in Sources */,
				06BF153328E1A97C00A980DF /* UserRegisterData+CoreDataProperties.swift in Sources */,
				068B77E828DDE79000D6A079 /* CategoriesViewController.swift in Sources */,
				0618AE6728DEDF2F00B90A97 /* ProductDetailsViewController.swift in Sources */,
			);
			runOnlyForDeploymentPostprocessing = 0;
		};
		066A6D5728DAD88F00E2FD39 /* Sources */ = {
			isa = PBXSourcesBuildPhase;
			buildActionMask = 2147483647;
			files = (
				066A6D6028DAD88F00E2FD39 /* RagsNTagsTests.swift in Sources */,
			);
			runOnlyForDeploymentPostprocessing = 0;
		};
		066A6D6128DAD88F00E2FD39 /* Sources */ = {
			isa = PBXSourcesBuildPhase;
			buildActionMask = 2147483647;
			files = (
				066A6D6A28DAD88F00E2FD39 /* RagsNTagsUITests.swift in Sources */,
				066A6D6C28DAD88F00E2FD39 /* RagsNTagsUITestsLaunchTests.swift in Sources */,
			);
			runOnlyForDeploymentPostprocessing = 0;
		};
/* End PBXSourcesBuildPhase section */

/* Begin PBXTargetDependency section */
		066A6D5D28DAD88F00E2FD39 /* PBXTargetDependency */ = {
			isa = PBXTargetDependency;
			target = 066A6D4128DAD88D00E2FD39 /* RagsNTags */;
			targetProxy = 066A6D5C28DAD88F00E2FD39 /* PBXContainerItemProxy */;
		};
		066A6D6728DAD88F00E2FD39 /* PBXTargetDependency */ = {
			isa = PBXTargetDependency;
			target = 066A6D4128DAD88D00E2FD39 /* RagsNTags */;
			targetProxy = 066A6D6628DAD88F00E2FD39 /* PBXContainerItemProxy */;
		};
/* End PBXTargetDependency section */

/* Begin PBXVariantGroup section */
		066A6D4B28DAD88D00E2FD39 /* Main.storyboard */ = {
			isa = PBXVariantGroup;
			children = (
				066A6D4C28DAD88D00E2FD39 /* Base */,
			);
			name = Main.storyboard;
			sourceTree = "<group>";
		};
		066A6D5328DAD88E00E2FD39 /* LaunchScreen.storyboard */ = {
			isa = PBXVariantGroup;
			children = (
				066A6D5428DAD88E00E2FD39 /* Base */,
			);
			name = LaunchScreen.storyboard;
			sourceTree = "<group>";
		};
/* End PBXVariantGroup section */

/* Begin XCBuildConfiguration section */
		066A6D6D28DAD88F00E2FD39 /* Debug */ = {
			isa = XCBuildConfiguration;
			buildSettings = {
				ALWAYS_SEARCH_USER_PATHS = NO;
				CLANG_ANALYZER_NONNULL = YES;
				CLANG_ANALYZER_NUMBER_OBJECT_CONVERSION = YES_AGGRESSIVE;
				CLANG_CXX_LANGUAGE_STANDARD = "gnu++17";
				CLANG_ENABLE_MODULES = YES;
				CLANG_ENABLE_OBJC_ARC = YES;
				CLANG_ENABLE_OBJC_WEAK = YES;
				CLANG_WARN_BLOCK_CAPTURE_AUTORELEASING = YES;
				CLANG_WARN_BOOL_CONVERSION = YES;
				CLANG_WARN_COMMA = YES;
				CLANG_WARN_CONSTANT_CONVERSION = YES;
				CLANG_WARN_DEPRECATED_OBJC_IMPLEMENTATIONS = YES;
				CLANG_WARN_DIRECT_OBJC_ISA_USAGE = YES_ERROR;
				CLANG_WARN_DOCUMENTATION_COMMENTS = YES;
				CLANG_WARN_EMPTY_BODY = YES;
				CLANG_WARN_ENUM_CONVERSION = YES;
				CLANG_WARN_INFINITE_RECURSION = YES;
				CLANG_WARN_INT_CONVERSION = YES;
				CLANG_WARN_NON_LITERAL_NULL_CONVERSION = YES;
				CLANG_WARN_OBJC_IMPLICIT_RETAIN_SELF = YES;
				CLANG_WARN_OBJC_LITERAL_CONVERSION = YES;
				CLANG_WARN_OBJC_ROOT_CLASS = YES_ERROR;
				CLANG_WARN_QUOTED_INCLUDE_IN_FRAMEWORK_HEADER = YES;
				CLANG_WARN_RANGE_LOOP_ANALYSIS = YES;
				CLANG_WARN_STRICT_PROTOTYPES = YES;
				CLANG_WARN_SUSPICIOUS_MOVE = YES;
				CLANG_WARN_UNGUARDED_AVAILABILITY = YES_AGGRESSIVE;
				CLANG_WARN_UNREACHABLE_CODE = YES;
				CLANG_WARN__DUPLICATE_METHOD_MATCH = YES;
				COPY_PHASE_STRIP = NO;
				DEBUG_INFORMATION_FORMAT = dwarf;
				ENABLE_STRICT_OBJC_MSGSEND = YES;
				ENABLE_TESTABILITY = YES;
				GCC_C_LANGUAGE_STANDARD = gnu11;
				GCC_DYNAMIC_NO_PIC = NO;
				GCC_NO_COMMON_BLOCKS = YES;
				GCC_OPTIMIZATION_LEVEL = 0;
				GCC_PREPROCESSOR_DEFINITIONS = (
					"DEBUG=1",
					"$(inherited)",
				);
				GCC_WARN_64_TO_32_BIT_CONVERSION = YES;
				GCC_WARN_ABOUT_RETURN_TYPE = YES_ERROR;
				GCC_WARN_UNDECLARED_SELECTOR = YES;
				GCC_WARN_UNINITIALIZED_AUTOS = YES_AGGRESSIVE;
				GCC_WARN_UNUSED_FUNCTION = YES;
				GCC_WARN_UNUSED_VARIABLE = YES;
				IPHONEOS_DEPLOYMENT_TARGET = 15.5;
				MTL_ENABLE_DEBUG_INFO = INCLUDE_SOURCE;
				MTL_FAST_MATH = YES;
				ONLY_ACTIVE_ARCH = YES;
				SDKROOT = iphoneos;
				SWIFT_ACTIVE_COMPILATION_CONDITIONS = DEBUG;
				SWIFT_OPTIMIZATION_LEVEL = "-Onone";
			};
			name = Debug;
		};
		066A6D6E28DAD88F00E2FD39 /* Release */ = {
			isa = XCBuildConfiguration;
			buildSettings = {
				ALWAYS_SEARCH_USER_PATHS = NO;
				CLANG_ANALYZER_NONNULL = YES;
				CLANG_ANALYZER_NUMBER_OBJECT_CONVERSION = YES_AGGRESSIVE;
				CLANG_CXX_LANGUAGE_STANDARD = "gnu++17";
				CLANG_ENABLE_MODULES = YES;
				CLANG_ENABLE_OBJC_ARC = YES;
				CLANG_ENABLE_OBJC_WEAK = YES;
				CLANG_WARN_BLOCK_CAPTURE_AUTORELEASING = YES;
				CLANG_WARN_BOOL_CONVERSION = YES;
				CLANG_WARN_COMMA = YES;
				CLANG_WARN_CONSTANT_CONVERSION = YES;
				CLANG_WARN_DEPRECATED_OBJC_IMPLEMENTATIONS = YES;
				CLANG_WARN_DIRECT_OBJC_ISA_USAGE = YES_ERROR;
				CLANG_WARN_DOCUMENTATION_COMMENTS = YES;
				CLANG_WARN_EMPTY_BODY = YES;
				CLANG_WARN_ENUM_CONVERSION = YES;
				CLANG_WARN_INFINITE_RECURSION = YES;
				CLANG_WARN_INT_CONVERSION = YES;
				CLANG_WARN_NON_LITERAL_NULL_CONVERSION = YES;
				CLANG_WARN_OBJC_IMPLICIT_RETAIN_SELF = YES;
				CLANG_WARN_OBJC_LITERAL_CONVERSION = YES;
				CLANG_WARN_OBJC_ROOT_CLASS = YES_ERROR;
				CLANG_WARN_QUOTED_INCLUDE_IN_FRAMEWORK_HEADER = YES;
				CLANG_WARN_RANGE_LOOP_ANALYSIS = YES;
				CLANG_WARN_STRICT_PROTOTYPES = YES;
				CLANG_WARN_SUSPICIOUS_MOVE = YES;
				CLANG_WARN_UNGUARDED_AVAILABILITY = YES_AGGRESSIVE;
				CLANG_WARN_UNREACHABLE_CODE = YES;
				CLANG_WARN__DUPLICATE_METHOD_MATCH = YES;
				COPY_PHASE_STRIP = NO;
				DEBUG_INFORMATION_FORMAT = "dwarf-with-dsym";
				ENABLE_NS_ASSERTIONS = NO;
				ENABLE_STRICT_OBJC_MSGSEND = YES;
				GCC_C_LANGUAGE_STANDARD = gnu11;
				GCC_NO_COMMON_BLOCKS = YES;
				GCC_WARN_64_TO_32_BIT_CONVERSION = YES;
				GCC_WARN_ABOUT_RETURN_TYPE = YES_ERROR;
				GCC_WARN_UNDECLARED_SELECTOR = YES;
				GCC_WARN_UNINITIALIZED_AUTOS = YES_AGGRESSIVE;
				GCC_WARN_UNUSED_FUNCTION = YES;
				GCC_WARN_UNUSED_VARIABLE = YES;
				IPHONEOS_DEPLOYMENT_TARGET = 15.5;
				MTL_ENABLE_DEBUG_INFO = NO;
				MTL_FAST_MATH = YES;
				SDKROOT = iphoneos;
				SWIFT_COMPILATION_MODE = wholemodule;
				SWIFT_OPTIMIZATION_LEVEL = "-O";
				VALIDATE_PRODUCT = YES;
			};
			name = Release;
		};
		066A6D7028DAD88F00E2FD39 /* Debug */ = {
			isa = XCBuildConfiguration;
			baseConfigurationReference = 667B93D24C6BD405956A4D2B /* Pods-RagsNTags.debug.xcconfig */;
			buildSettings = {
				ASSETCATALOG_COMPILER_APPICON_NAME = AppIcon;
				ASSETCATALOG_COMPILER_GLOBAL_ACCENT_COLOR_NAME = AccentColor;
				CODE_SIGN_STYLE = Automatic;
				CURRENT_PROJECT_VERSION = 1;
				GENERATE_INFOPLIST_FILE = YES;
				INFOPLIST_FILE = RagsNTags/Info.plist;
				INFOPLIST_KEY_NSFaceIDUsageDescription = "Allow to use face id";
				INFOPLIST_KEY_NSLocationAlwaysUsageDescription = "allow app to always know your location";
				INFOPLIST_KEY_NSLocationWhenInUseUsageDescription = "allow app to know your current location";
				INFOPLIST_KEY_UIApplicationSupportsIndirectInputEvents = YES;
				INFOPLIST_KEY_UILaunchStoryboardName = LaunchScreen;
				INFOPLIST_KEY_UIMainStoryboardFile = Main;
				INFOPLIST_KEY_UISupportedInterfaceOrientations_iPad = "UIInterfaceOrientationPortrait UIInterfaceOrientationPortraitUpsideDown UIInterfaceOrientationLandscapeLeft UIInterfaceOrientationLandscapeRight";
				INFOPLIST_KEY_UISupportedInterfaceOrientations_iPhone = "UIInterfaceOrientationPortrait UIInterfaceOrientationLandscapeLeft UIInterfaceOrientationLandscapeRight";
				LD_RUNPATH_SEARCH_PATHS = (
					"$(inherited)",
					"@executable_path/Frameworks",
				);
				MARKETING_VERSION = 1.0;
				PRODUCT_BUNDLE_IDENTIFIER = com.capgemini.RagsNTags;
				PRODUCT_NAME = "$(TARGET_NAME)";
				SWIFT_EMIT_LOC_STRINGS = YES;
				SWIFT_VERSION = 5.0;
				TARGETED_DEVICE_FAMILY = "1,2";
			};
			name = Debug;
		};
		066A6D7128DAD88F00E2FD39 /* Release */ = {
			isa = XCBuildConfiguration;
			baseConfigurationReference = 7CB3A9C18D77D06004812815 /* Pods-RagsNTags.release.xcconfig */;
			buildSettings = {
				ASSETCATALOG_COMPILER_APPICON_NAME = AppIcon;
				ASSETCATALOG_COMPILER_GLOBAL_ACCENT_COLOR_NAME = AccentColor;
				CODE_SIGN_STYLE = Automatic;
				CURRENT_PROJECT_VERSION = 1;
				GENERATE_INFOPLIST_FILE = YES;
				INFOPLIST_FILE = RagsNTags/Info.plist;
				INFOPLIST_KEY_NSFaceIDUsageDescription = "Allow to use face id";
				INFOPLIST_KEY_NSLocationAlwaysUsageDescription = "allow app to always know your location";
				INFOPLIST_KEY_NSLocationWhenInUseUsageDescription = "allow app to know your current location";
				INFOPLIST_KEY_UIApplicationSupportsIndirectInputEvents = YES;
				INFOPLIST_KEY_UILaunchStoryboardName = LaunchScreen;
				INFOPLIST_KEY_UIMainStoryboardFile = Main;
				INFOPLIST_KEY_UISupportedInterfaceOrientations_iPad = "UIInterfaceOrientationPortrait UIInterfaceOrientationPortraitUpsideDown UIInterfaceOrientationLandscapeLeft UIInterfaceOrientationLandscapeRight";
				INFOPLIST_KEY_UISupportedInterfaceOrientations_iPhone = "UIInterfaceOrientationPortrait UIInterfaceOrientationLandscapeLeft UIInterfaceOrientationLandscapeRight";
				LD_RUNPATH_SEARCH_PATHS = (
					"$(inherited)",
					"@executable_path/Frameworks",
				);
				MARKETING_VERSION = 1.0;
				PRODUCT_BUNDLE_IDENTIFIER = com.capgemini.RagsNTags;
				PRODUCT_NAME = "$(TARGET_NAME)";
				SWIFT_EMIT_LOC_STRINGS = YES;
				SWIFT_VERSION = 5.0;
				TARGETED_DEVICE_FAMILY = "1,2";
			};
			name = Release;
		};
		066A6D7328DAD88F00E2FD39 /* Debug */ = {
			isa = XCBuildConfiguration;
			baseConfigurationReference = 784B326E142630F000D0108C /* Pods-RagsNTagsTests.debug.xcconfig */;
			buildSettings = {
				ALWAYS_EMBED_SWIFT_STANDARD_LIBRARIES = YES;
				BUNDLE_LOADER = "$(TEST_HOST)";
				CODE_SIGN_STYLE = Automatic;
				CURRENT_PROJECT_VERSION = 1;
				GENERATE_INFOPLIST_FILE = YES;
				IPHONEOS_DEPLOYMENT_TARGET = 15.5;
				MARKETING_VERSION = 1.0;
				PRODUCT_BUNDLE_IDENTIFIER = com.capgemini.RagsNTagsTests;
				PRODUCT_NAME = "$(TARGET_NAME)";
				SWIFT_EMIT_LOC_STRINGS = NO;
				SWIFT_VERSION = 5.0;
				TARGETED_DEVICE_FAMILY = "1,2";
				TEST_HOST = "$(BUILT_PRODUCTS_DIR)/RagsNTags.app/RagsNTags";
			};
			name = Debug;
		};
		066A6D7428DAD88F00E2FD39 /* Release */ = {
			isa = XCBuildConfiguration;
			baseConfigurationReference = A3A75917BE04A45740CF7BCE /* Pods-RagsNTagsTests.release.xcconfig */;
			buildSettings = {
				ALWAYS_EMBED_SWIFT_STANDARD_LIBRARIES = YES;
				BUNDLE_LOADER = "$(TEST_HOST)";
				CODE_SIGN_STYLE = Automatic;
				CURRENT_PROJECT_VERSION = 1;
				GENERATE_INFOPLIST_FILE = YES;
				IPHONEOS_DEPLOYMENT_TARGET = 15.5;
				MARKETING_VERSION = 1.0;
				PRODUCT_BUNDLE_IDENTIFIER = com.capgemini.RagsNTagsTests;
				PRODUCT_NAME = "$(TARGET_NAME)";
				SWIFT_EMIT_LOC_STRINGS = NO;
				SWIFT_VERSION = 5.0;
				TARGETED_DEVICE_FAMILY = "1,2";
				TEST_HOST = "$(BUILT_PRODUCTS_DIR)/RagsNTags.app/RagsNTags";
			};
			name = Release;
		};
		066A6D7628DAD88F00E2FD39 /* Debug */ = {
			isa = XCBuildConfiguration;
			baseConfigurationReference = 02BE0DD31F5E9B81D3ADD507 /* Pods-RagsNTags-RagsNTagsUITests.debug.xcconfig */;
			buildSettings = {
				ALWAYS_EMBED_SWIFT_STANDARD_LIBRARIES = YES;
				CODE_SIGN_STYLE = Automatic;
				CURRENT_PROJECT_VERSION = 1;
				GENERATE_INFOPLIST_FILE = YES;
				MARKETING_VERSION = 1.0;
				PRODUCT_BUNDLE_IDENTIFIER = com.capgemini.RagsNTagsUITests;
				PRODUCT_NAME = "$(TARGET_NAME)";
				SWIFT_EMIT_LOC_STRINGS = NO;
				SWIFT_VERSION = 5.0;
				TARGETED_DEVICE_FAMILY = "1,2";
				TEST_TARGET_NAME = RagsNTags;
			};
			name = Debug;
		};
		066A6D7728DAD88F00E2FD39 /* Release */ = {
			isa = XCBuildConfiguration;
			baseConfigurationReference = 612766A4A5A465A1976BB513 /* Pods-RagsNTags-RagsNTagsUITests.release.xcconfig */;
			buildSettings = {
				ALWAYS_EMBED_SWIFT_STANDARD_LIBRARIES = YES;
				CODE_SIGN_STYLE = Automatic;
				CURRENT_PROJECT_VERSION = 1;
				GENERATE_INFOPLIST_FILE = YES;
				MARKETING_VERSION = 1.0;
				PRODUCT_BUNDLE_IDENTIFIER = com.capgemini.RagsNTagsUITests;
				PRODUCT_NAME = "$(TARGET_NAME)";
				SWIFT_EMIT_LOC_STRINGS = NO;
				SWIFT_VERSION = 5.0;
				TARGETED_DEVICE_FAMILY = "1,2";
				TEST_TARGET_NAME = RagsNTags;
			};
			name = Release;
		};
/* End XCBuildConfiguration section */

/* Begin XCConfigurationList section */
		066A6D3D28DAD88D00E2FD39 /* Build configuration list for PBXProject "RagsNTags" */ = {
			isa = XCConfigurationList;
			buildConfigurations = (
				066A6D6D28DAD88F00E2FD39 /* Debug */,
				066A6D6E28DAD88F00E2FD39 /* Release */,
			);
			defaultConfigurationIsVisible = 0;
			defaultConfigurationName = Release;
		};
		066A6D6F28DAD88F00E2FD39 /* Build configuration list for PBXNativeTarget "RagsNTags" */ = {
			isa = XCConfigurationList;
			buildConfigurations = (
				066A6D7028DAD88F00E2FD39 /* Debug */,
				066A6D7128DAD88F00E2FD39 /* Release */,
			);
			defaultConfigurationIsVisible = 0;
			defaultConfigurationName = Release;
		};
		066A6D7228DAD88F00E2FD39 /* Build configuration list for PBXNativeTarget "RagsNTagsTests" */ = {
			isa = XCConfigurationList;
			buildConfigurations = (
				066A6D7328DAD88F00E2FD39 /* Debug */,
				066A6D7428DAD88F00E2FD39 /* Release */,
			);
			defaultConfigurationIsVisible = 0;
			defaultConfigurationName = Release;
		};
		066A6D7528DAD88F00E2FD39 /* Build configuration list for PBXNativeTarget "RagsNTagsUITests" */ = {
			isa = XCConfigurationList;
			buildConfigurations = (
				066A6D7628DAD88F00E2FD39 /* Debug */,
				066A6D7728DAD88F00E2FD39 /* Release */,
			);
			defaultConfigurationIsVisible = 0;
			defaultConfigurationName = Release;
		};
/* End XCConfigurationList section */

/* Begin XCVersionGroup section */
		066A6D4E28DAD88D00E2FD39 /* RagsNTags.xcdatamodeld */ = {
			isa = XCVersionGroup;
			children = (
				066A6D4F28DAD88D00E2FD39 /* RagsNTags.xcdatamodel */,
			);
			currentVersion = 066A6D4F28DAD88D00E2FD39 /* RagsNTags.xcdatamodel */;
			path = RagsNTags.xcdatamodeld;
			sourceTree = "<group>";
			versionGroupType = wrapper.xcdatamodel;
		};
/* End XCVersionGroup section */
	};
	rootObject = 066A6D3A28DAD88D00E2FD39 /* Project object */;
}
